
Microsoft Visual Studio Solution File, Format Version 12.00
# Visual Studio 15
VisualStudioVersion = 15.0.26430.12
MinimumVisualStudioVersion = 10.0.40219.1
Project("{2150E333-8FDC-42A3-9474-1A3956D46DE8}") = "DAL", "DAL", "{446E9C7C-49F3-4BF3-B957-0D449F1D9B56}"
EndProject
Project("{2150E333-8FDC-42A3-9474-1A3956D46DE8}") = "BAL", "BAL", "{10B3D0EC-144E-4AA8-9883-C7C23C55D53C}"
EndProject
Project("{2150E333-8FDC-42A3-9474-1A3956D46DE8}") = "UI", "UI", "{0ACC4F75-9973-4B18-B306-CBBF7E4D1C52}"
EndProject
Project("{FAE04EC0-301F-11D3-BF4B-00C04F79EFBC}") = "DataLibrary", "DataLibrary\DataLibrary.csproj", "{2C98C70D-195F-40FB-9D03-97255C452C7A}"
EndProject
Project("{FAE04EC0-301F-11D3-BF4B-00C04F79EFBC}") = "BusinessLibrary", "BusinessLibrary\BusinessLibrary.csproj", "{A4FB1DCB-62D3-477E-A1E8-1DD82D192F2A}"
EndProject
Project("{FAE04EC0-301F-11D3-BF4B-00C04F79EFBC}") = "PresentationLayer", "PresentationLayer\PresentationLayer.csproj", "{55E846AC-3188-4147-8BC0-4705D3F9D2A7}"
EndProject
Project("{FAE04EC0-301F-11D3-BF4B-00C04F79EFBC}") = "Player", "Player\Player.csproj", "{130E0D5F-BA17-4CA5-96E5-779F47933664}"
EndProject
Project("{FAE04EC0-301F-11D3-BF4B-00C04F79EFBC}") = "Enums", "Enums\Enums.csproj", "{E00FA12A-7137-408C-A83C-F5302630E079}"
EndProject
Project("{2150E333-8FDC-42A3-9474-1A3956D46DE8}") = "Tests.DAL", "Tests.DAL", "{F7F133FB-8F15-477C-87C9-6C902491D8A7}"
EndProject
Project("{2150E333-8FDC-42A3-9474-1A3956D46DE8}") = "Tests.BAL", "Tests.BAL", "{40E691CA-3EAA-4875-B2C8-482E52801137}"
EndProject
Project("{FAE04EC0-301F-11D3-BF4B-00C04F79EFBC}") = "BusinessLibraryTests", "BusinessLibraryTests\BusinessLibraryTests.csproj", "{89E56AE3-345C-44C2-9370-55DAFCC9AC0D}"
EndProject
Project("{FAE04EC0-301F-11D3-BF4B-00C04F79EFBC}") = "PlayerTests", "PlayerTests\PlayerTests.csproj", "{5A2EF220-88ED-4DBC-ADED-F9882804D85C}"
EndProject
Project("{FAE04EC0-301F-11D3-BF4B-00C04F79EFBC}") = "DataLibraryTests", "DataLibraryTests\DataLibraryTests.csproj", "{370FC77E-5EDA-482A-AE17-C42533F8B0D1}"
EndProject
Global
	GlobalSection(SolutionConfigurationPlatforms) = preSolution
		Debug|Any CPU = Debug|Any CPU
		Release|Any CPU = Release|Any CPU
	EndGlobalSection
	GlobalSection(ProjectConfigurationPlatforms) = postSolution
		{2C98C70D-195F-40FB-9D03-97255C452C7A}.Debug|Any CPU.ActiveCfg = Debug|Any CPU
		{2C98C70D-195F-40FB-9D03-97255C452C7A}.Debug|Any CPU.Build.0 = Debug|Any CPU
		{2C98C70D-195F-40FB-9D03-97255C452C7A}.Release|Any CPU.ActiveCfg = Release|Any CPU
		{2C98C70D-195F-40FB-9D03-97255C452C7A}.Release|Any CPU.Build.0 = Release|Any CPU
		{A4FB1DCB-62D3-477E-A1E8-1DD82D192F2A}.Debug|Any CPU.ActiveCfg = Debug|Any CPU
		{A4FB1DCB-62D3-477E-A1E8-1DD82D192F2A}.Debug|Any CPU.Build.0 = Debug|Any CPU
		{A4FB1DCB-62D3-477E-A1E8-1DD82D192F2A}.Release|Any CPU.ActiveCfg = Release|Any CPU
		{A4FB1DCB-62D3-477E-A1E8-1DD82D192F2A}.Release|Any CPU.Build.0 = Release|Any CPU
		{55E846AC-3188-4147-8BC0-4705D3F9D2A7}.Debug|Any CPU.ActiveCfg = Debug|Any CPU
		{55E846AC-3188-4147-8BC0-4705D3F9D2A7}.Debug|Any CPU.Build.0 = Debug|Any CPU
		{55E846AC-3188-4147-8BC0-4705D3F9D2A7}.Release|Any CPU.ActiveCfg = Release|Any CPU
		{55E846AC-3188-4147-8BC0-4705D3F9D2A7}.Release|Any CPU.Build.0 = Release|Any CPU
		{130E0D5F-BA17-4CA5-96E5-779F47933664}.Debug|Any CPU.ActiveCfg = Debug|Any CPU
		{130E0D5F-BA17-4CA5-96E5-779F47933664}.Debug|Any CPU.Build.0 = Debug|Any CPU
		{130E0D5F-BA17-4CA5-96E5-779F47933664}.Release|Any CPU.ActiveCfg = Release|Any CPU
		{130E0D5F-BA17-4CA5-96E5-779F47933664}.Release|Any CPU.Build.0 = Release|Any CPU
		{E00FA12A-7137-408C-A83C-F5302630E079}.Debug|Any CPU.ActiveCfg = Debug|Any CPU
		{E00FA12A-7137-408C-A83C-F5302630E079}.Debug|Any CPU.Build.0 = Debug|Any CPU
		{E00FA12A-7137-408C-A83C-F5302630E079}.Release|Any CPU.ActiveCfg = Release|Any CPU
		{E00FA12A-7137-408C-A83C-F5302630E079}.Release|Any CPU.Build.0 = Release|Any CPU
		{89E56AE3-345C-44C2-9370-55DAFCC9AC0D}.Debug|Any CPU.ActiveCfg = Debug|Any CPU
		{89E56AE3-345C-44C2-9370-55DAFCC9AC0D}.Debug|Any CPU.Build.0 = Debug|Any CPU
		{89E56AE3-345C-44C2-9370-55DAFCC9AC0D}.Release|Any CPU.ActiveCfg = Release|Any CPU
		{89E56AE3-345C-44C2-9370-55DAFCC9AC0D}.Release|Any CPU.Build.0 = Release|Any CPU
		{5A2EF220-88ED-4DBC-ADED-F9882804D85C}.Debug|Any CPU.ActiveCfg = Debug|Any CPU
		{5A2EF220-88ED-4DBC-ADED-F9882804D85C}.Debug|Any CPU.Build.0 = Debug|Any CPU
		{5A2EF220-88ED-4DBC-ADED-F9882804D85C}.Release|Any CPU.ActiveCfg = Release|Any CPU
		{5A2EF220-88ED-4DBC-ADED-F9882804D85C}.Release|Any CPU.Build.0 = Release|Any CPU
		{370FC77E-5EDA-482A-AE17-C42533F8B0D1}.Debug|Any CPU.ActiveCfg = Debug|Any CPU
		{370FC77E-5EDA-482A-AE17-C42533F8B0D1}.Debug|Any CPU.Build.0 = Debug|Any CPU
		{370FC77E-5EDA-482A-AE17-C42533F8B0D1}.Release|Any CPU.ActiveCfg = Release|Any CPU
		{370FC77E-5EDA-482A-AE17-C42533F8B0D1}.Release|Any CPU.Build.0 = Release|Any CPU
	EndGlobalSection
	GlobalSection(SolutionProperties) = preSolution
		HideSolutionNode = FALSE
	EndGlobalSection
	GlobalSection(NestedProjects) = preSolution
		{2C98C70D-195F-40FB-9D03-97255C452C7A} = {446E9C7C-49F3-4BF3-B957-0D449F1D9B56}
		{A4FB1DCB-62D3-477E-A1E8-1DD82D192F2A} = {10B3D0EC-144E-4AA8-9883-C7C23C55D53C}
		{55E846AC-3188-4147-8BC0-4705D3F9D2A7} = {0ACC4F75-9973-4B18-B306-CBBF7E4D1C52}
		{130E0D5F-BA17-4CA5-96E5-779F47933664} = {10B3D0EC-144E-4AA8-9883-C7C23C55D53C}
		{89E56AE3-345C-44C2-9370-55DAFCC9AC0D} = {40E691CA-3EAA-4875-B2C8-482E52801137}
		{5A2EF220-88ED-4DBC-ADED-F9882804D85C} = {40E691CA-3EAA-4875-B2C8-482E52801137}
		{370FC77E-5EDA-482A-AE17-C42533F8B0D1} = {F7F133FB-8F15-477C-87C9-6C902491D8A7}
	EndGlobalSection
	GlobalSection(ExtensibilityGlobals) = postSolution
		SolutionGuid = {4115490F-3A96-4607-BEA8-FEC456F479A9}
	EndGlobalSection
EndGlobal
